
Microsoft Visual Studio Solution File, Format Version 12.00
# Visual Studio Version 16
VisualStudioVersion = 16.0.29926.136
MinimumVisualStudioVersion = 10.0.40219.1
Project("{9A19103F-16F7-4668-BE54-9A1E7A4F7556}") = "UniversalUE4UnlockerDumpFormatter", "UniversalUE4UnlockerDumpFormatter\UniversalUE4UnlockerDumpFormatter.csproj", "{A1ABAF70-1C1A-49C8-B927-512F1C59AFD2}"
EndProject
Global
	GlobalSection(SolutionConfigurationPlatforms) = preSolution
		Debug|Any CPU = Debug|Any CPU
		Release|Any CPU = Release|Any CPU
	EndGlobalSection
	GlobalSection(ProjectConfigurationPlatforms) = postSolution
		{A1ABAF70-1C1A-49C8-B927-512F1C59AFD2}.Debug|Any CPU.ActiveCfg = Debug|Any CPU
		{A1ABAF70-1C1A-49C8-B927-512F1C59AFD2}.Debug|Any CPU.Build.0 = Debug|Any CPU
		{A1ABAF70-1C1A-49C8-B927-512F1C59AFD2}.Release|Any CPU.ActiveCfg = Release|Any CPU
		{A1ABAF70-1C1A-49C8-B927-512F1C59AFD2}.Release|Any CPU.Build.0 = Release|Any CPU
	EndGlobalSection
	GlobalSection(SolutionProperties) = preSolution
		HideSolutionNode = FALSE
	EndGlobalSection
	GlobalSection(ExtensibilityGlobals) = postSolution
		SolutionGuid = {38FE0E20-021A-4DB7-9257-227D2F444E49}
	EndGlobalSection
EndGlobal
